
Microsoft Visual Studio Solution File, Format Version 12.00
# Visual Studio Version 17
VisualStudioVersion = 17.5.002.0
MinimumVisualStudioVersion = 10.0.40219.1
Project("{2150E333-8FDC-42A3-9474-1A3956D46DE8}") = "Strings", "Strings", "{0413CAE3-1156-4AA3-9898-6495A90F03B1}"
EndProject
Project("{9A19103F-16F7-4668-BE54-9A1E7A4F7556}") = "Manipulation", "Strings\Manipulation\Manipulation.csproj", "{3BCB87EB-5569-44ED-A13A-7842306EE358}"
EndProject
Project("{9A19103F-16F7-4668-BE54-9A1E7A4F7556}") = "Searching", "Strings\Searching\Searching.csproj", "{29755B1A-FE40-47E5-8A2B-906E8BED072B}"
EndProject
Project("{9A19103F-16F7-4668-BE54-9A1E7A4F7556}") = "Formatting", "Strings\Formatting\Formatting.csproj", "{A4516779-A2FE-4103-ABEE-1A36AE5BC84C}"
EndProject
Project("{9A19103F-16F7-4668-BE54-9A1E7A4F7556}") = "Interpolation", "Strings\Interpolation\Interpolation.csproj", "{16FFB670-577D-4F26-9570-E495EC39B531}"
EndProject
Project("{2150E333-8FDC-42A3-9474-1A3956D46DE8}") = "Regex", "Regex", "{334983B1-3126-4391-90F0-F3C19D8AD854}"
EndProject
Project("{9A19103F-16F7-4668-BE54-9A1E7A4F7556}") = "Finding", "Regex\Finding\Finding.csproj", "{D763E2F3-5871-487A-926C-996783AED719}"
EndProject
Project("{9A19103F-16F7-4668-BE54-9A1E7A4F7556}") = "RegexTimeouts", "Regex\Timeouts\RegexTimeouts.csproj", "{07413F0E-8943-4786-8513-E66C203FE954}"
EndProject
Project("{9A19103F-16F7-4668-BE54-9A1E7A4F7556}") = "Replacing", "Regex\Replacing\Replacing.csproj", "{99E879B6-0D95-46BB-9D5B-15D9D07ECA69}"
EndProject
Project("{2150E333-8FDC-42A3-9474-1A3956D46DE8}") = "NumbersDates", "NumbersDates", "{2E4C3D80-7EDF-4FF6-BB9F-F0DC80B1F11E}"
EndProject
Project("{9A19103F-16F7-4668-BE54-9A1E7A4F7556}") = "FormatDates", "NumbersDates\FormatDates\FormatDates.csproj", "{5EDE0ACB-8E93-40E1-BC8A-F597F91B2BAC}"
EndProject
Project("{9A19103F-16F7-4668-BE54-9A1E7A4F7556}") = "DateTimeClass", "NumbersDates\DateTimeClass\DateTimeClass.csproj", "{9664BD3A-03F4-47E6-AAB7-09F7FB539A5D}"
EndProject
Project("{9A19103F-16F7-4668-BE54-9A1E7A4F7556}") = "FormatNumbers", "NumbersDates\FormatNumbers\FormatNumbers.csproj", "{5A65420E-78B6-49FB-8616-DC1CD1A134CC}"
EndProject
Project("{9A19103F-16F7-4668-BE54-9A1E7A4F7556}") = "ParseDates", "NumbersDates\ParseDates\ParseDates.csproj", "{59A420DE-1D65-4985-9D19-51633B6D0E73}"
EndProject
Project("{9A19103F-16F7-4668-BE54-9A1E7A4F7556}") = "ParseNumbers", "NumbersDates\ParseNumbers\ParseNumbers.csproj", "{782C0690-E012-4D8C-BEEC-E03034B728E1}"
EndProject
Project("{2150E333-8FDC-42A3-9474-1A3956D46DE8}") = "Files", "Files", "{270763CB-C971-4E4D-8BD9-DE343EE2BAB2}"
EndProject
Project("{9A19103F-16F7-4668-BE54-9A1E7A4F7556}") = "ReadWriteFiles", "Files\ReadWriteFiles\ReadWriteFiles.csproj", "{FDB82280-3CC4-4279-8678-C1F3BB7AD313}"
EndProject
Project("{9A19103F-16F7-4668-BE54-9A1E7A4F7556}") = "FileInfo", "Files\FileInfo\FileInfo.csproj", "{AEC0ECC7-D78C-4E73-A1E2-3854D9C8FFB2}"
EndProject
Project("{9A19103F-16F7-4668-BE54-9A1E7A4F7556}") = "Directories", "Files\Directories\Directories.csproj", "{468F28CB-E327-4FC4-BB80-1115755A79D3}"
EndProject
Project("{9A19103F-16F7-4668-BE54-9A1E7A4F7556}") = "CreateFiles", "Files\CreateFiles\CreateFiles.csproj", "{46D4F09E-6D71-46F6-9209-908BF4DECB74}"
EndProject
Project("{2150E333-8FDC-42A3-9474-1A3956D46DE8}") = "Overview", "Overview", "{8F9C6FE1-646D-456D-9768-F9144B0C49BE}"
EndProject
Project("{9A19103F-16F7-4668-BE54-9A1E7A4F7556}") = "DataTypes", "Overview\DataTypes\DataTypes.csproj", "{63C4F6F6-A223-42B8-BECD-B8C435229DA6}"
EndProject
Project("{9A19103F-16F7-4668-BE54-9A1E7A4F7556}") = "MyConsoleApp", "Overview\MyConsoleApp\MyConsoleApp.csproj", "{9582D00D-7DC5-47FF-8D7C-E1CF0F80393E}"
EndProject
Project("{9A19103F-16F7-4668-BE54-9A1E7A4F7556}") = "GarbageCollect", "Overview\GarbageCollect\GarbageCollect.csproj", "{C85DC960-1ACB-4578-948D-76E80C0B9435}"
EndProject
Global
	GlobalSection(SolutionConfigurationPlatforms) = preSolution
		Debug|Any CPU = Debug|Any CPU
		Release|Any CPU = Release|Any CPU
	EndGlobalSection
	GlobalSection(ProjectConfigurationPlatforms) = postSolution
		{3BCB87EB-5569-44ED-A13A-7842306EE358}.Debug|Any CPU.ActiveCfg = Debug|Any CPU
		{3BCB87EB-5569-44ED-A13A-7842306EE358}.Debug|Any CPU.Build.0 = Debug|Any CPU
		{3BCB87EB-5569-44ED-A13A-7842306EE358}.Release|Any CPU.ActiveCfg = Release|Any CPU
		{3BCB87EB-5569-44ED-A13A-7842306EE358}.Release|Any CPU.Build.0 = Release|Any CPU
		{29755B1A-FE40-47E5-8A2B-906E8BED072B}.Debug|Any CPU.ActiveCfg = Debug|Any CPU
		{29755B1A-FE40-47E5-8A2B-906E8BED072B}.Debug|Any CPU.Build.0 = Debug|Any CPU
		{29755B1A-FE40-47E5-8A2B-906E8BED072B}.Release|Any CPU.ActiveCfg = Release|Any CPU
		{29755B1A-FE40-47E5-8A2B-906E8BED072B}.Release|Any CPU.Build.0 = Release|Any CPU
		{A4516779-A2FE-4103-ABEE-1A36AE5BC84C}.Debug|Any CPU.ActiveCfg = Debug|Any CPU
		{A4516779-A2FE-4103-ABEE-1A36AE5BC84C}.Debug|Any CPU.Build.0 = Debug|Any CPU
		{A4516779-A2FE-4103-ABEE-1A36AE5BC84C}.Release|Any CPU.ActiveCfg = Release|Any CPU
		{A4516779-A2FE-4103-ABEE-1A36AE5BC84C}.Release|Any CPU.Build.0 = Release|Any CPU
		{16FFB670-577D-4F26-9570-E495EC39B531}.Debug|Any CPU.ActiveCfg = Debug|Any CPU
		{16FFB670-577D-4F26-9570-E495EC39B531}.Debug|Any CPU.Build.0 = Debug|Any CPU
		{16FFB670-577D-4F26-9570-E495EC39B531}.Release|Any CPU.ActiveCfg = Release|Any CPU
		{16FFB670-577D-4F26-9570-E495EC39B531}.Release|Any CPU.Build.0 = Release|Any CPU
		{D763E2F3-5871-487A-926C-996783AED719}.Debug|Any CPU.ActiveCfg = Debug|Any CPU
		{D763E2F3-5871-487A-926C-996783AED719}.Debug|Any CPU.Build.0 = Debug|Any CPU
		{D763E2F3-5871-487A-926C-996783AED719}.Release|Any CPU.ActiveCfg = Release|Any CPU
		{D763E2F3-5871-487A-926C-996783AED719}.Release|Any CPU.Build.0 = Release|Any CPU
		{07413F0E-8943-4786-8513-E66C203FE954}.Debug|Any CPU.ActiveCfg = Debug|Any CPU
		{07413F0E-8943-4786-8513-E66C203FE954}.Debug|Any CPU.Build.0 = Debug|Any CPU
		{07413F0E-8943-4786-8513-E66C203FE954}.Release|Any CPU.ActiveCfg = Release|Any CPU
		{07413F0E-8943-4786-8513-E66C203FE954}.Release|Any CPU.Build.0 = Release|Any CPU
		{99E879B6-0D95-46BB-9D5B-15D9D07ECA69}.Debug|Any CPU.ActiveCfg = Debug|Any CPU
		{99E879B6-0D95-46BB-9D5B-15D9D07ECA69}.Debug|Any CPU.Build.0 = Debug|Any CPU
		{99E879B6-0D95-46BB-9D5B-15D9D07ECA69}.Release|Any CPU.ActiveCfg = Release|Any CPU
		{99E879B6-0D95-46BB-9D5B-15D9D07ECA69}.Release|Any CPU.Build.0 = Release|Any CPU
		{5EDE0ACB-8E93-40E1-BC8A-F597F91B2BAC}.Debug|Any CPU.ActiveCfg = Debug|Any CPU
		{5EDE0ACB-8E93-40E1-BC8A-F597F91B2BAC}.Debug|Any CPU.Build.0 = Debug|Any CPU
		{5EDE0ACB-8E93-40E1-BC8A-F597F91B2BAC}.Release|Any CPU.ActiveCfg = Release|Any CPU
		{5EDE0ACB-8E93-40E1-BC8A-F597F91B2BAC}.Release|Any CPU.Build.0 = Release|Any CPU
		{9664BD3A-03F4-47E6-AAB7-09F7FB539A5D}.Debug|Any CPU.ActiveCfg = Debug|Any CPU
		{9664BD3A-03F4-47E6-AAB7-09F7FB539A5D}.Debug|Any CPU.Build.0 = Debug|Any CPU
		{9664BD3A-03F4-47E6-AAB7-09F7FB539A5D}.Release|Any CPU.ActiveCfg = Release|Any CPU
		{9664BD3A-03F4-47E6-AAB7-09F7FB539A5D}.Release|Any CPU.Build.0 = Release|Any CPU
		{5A65420E-78B6-49FB-8616-DC1CD1A134CC}.Debug|Any CPU.ActiveCfg = Debug|Any CPU
		{5A65420E-78B6-49FB-8616-DC1CD1A134CC}.Debug|Any CPU.Build.0 = Debug|Any CPU
		{5A65420E-78B6-49FB-8616-DC1CD1A134CC}.Release|Any CPU.ActiveCfg = Release|Any CPU
		{5A65420E-78B6-49FB-8616-DC1CD1A134CC}.Release|Any CPU.Build.0 = Release|Any CPU
		{59A420DE-1D65-4985-9D19-51633B6D0E73}.Debug|Any CPU.ActiveCfg = Debug|Any CPU
		{59A420DE-1D65-4985-9D19-51633B6D0E73}.Debug|Any CPU.Build.0 = Debug|Any CPU
		{59A420DE-1D65-4985-9D19-51633B6D0E73}.Release|Any CPU.ActiveCfg = Release|Any CPU
		{59A420DE-1D65-4985-9D19-51633B6D0E73}.Release|Any CPU.Build.0 = Release|Any CPU
		{782C0690-E012-4D8C-BEEC-E03034B728E1}.Debug|Any CPU.ActiveCfg = Debug|Any CPU
		{782C0690-E012-4D8C-BEEC-E03034B728E1}.Debug|Any CPU.Build.0 = Debug|Any CPU
		{782C0690-E012-4D8C-BEEC-E03034B728E1}.Release|Any CPU.ActiveCfg = Release|Any CPU
		{782C0690-E012-4D8C-BEEC-E03034B728E1}.Release|Any CPU.Build.0 = Release|Any CPU
		{FDB82280-3CC4-4279-8678-C1F3BB7AD313}.Debug|Any CPU.ActiveCfg = Debug|Any CPU
		{FDB82280-3CC4-4279-8678-C1F3BB7AD313}.Debug|Any CPU.Build.0 = Debug|Any CPU
		{FDB82280-3CC4-4279-8678-C1F3BB7AD313}.Release|Any CPU.ActiveCfg = Release|Any CPU
		{FDB82280-3CC4-4279-8678-C1F3BB7AD313}.Release|Any CPU.Build.0 = Release|Any CPU
		{AEC0ECC7-D78C-4E73-A1E2-3854D9C8FFB2}.Debug|Any CPU.ActiveCfg = Debug|Any CPU
		{AEC0ECC7-D78C-4E73-A1E2-3854D9C8FFB2}.Debug|Any CPU.Build.0 = Debug|Any CPU
		{AEC0ECC7-D78C-4E73-A1E2-3854D9C8FFB2}.Release|Any CPU.ActiveCfg = Release|Any CPU
		{AEC0ECC7-D78C-4E73-A1E2-3854D9C8FFB2}.Release|Any CPU.Build.0 = Release|Any CPU
		{468F28CB-E327-4FC4-BB80-1115755A79D3}.Debug|Any CPU.ActiveCfg = Debug|Any CPU
		{468F28CB-E327-4FC4-BB80-1115755A79D3}.Debug|Any CPU.Build.0 = Debug|Any CPU
		{468F28CB-E327-4FC4-BB80-1115755A79D3}.Release|Any CPU.ActiveCfg = Release|Any CPU
		{468F28CB-E327-4FC4-BB80-1115755A79D3}.Release|Any CPU.Build.0 = Release|Any CPU
		{46D4F09E-6D71-46F6-9209-908BF4DECB74}.Debug|Any CPU.ActiveCfg = Debug|Any CPU
		{46D4F09E-6D71-46F6-9209-908BF4DECB74}.Debug|Any CPU.Build.0 = Debug|Any CPU
		{46D4F09E-6D71-46F6-9209-908BF4DECB74}.Release|Any CPU.ActiveCfg = Release|Any CPU
		{46D4F09E-6D71-46F6-9209-908BF4DECB74}.Release|Any CPU.Build.0 = Release|Any CPU
		{63C4F6F6-A223-42B8-BECD-B8C435229DA6}.Debug|Any CPU.ActiveCfg = Debug|Any CPU
		{63C4F6F6-A223-42B8-BECD-B8C435229DA6}.Debug|Any CPU.Build.0 = Debug|Any CPU
		{63C4F6F6-A223-42B8-BECD-B8C435229DA6}.Release|Any CPU.ActiveCfg = Release|Any CPU
		{63C4F6F6-A223-42B8-BECD-B8C435229DA6}.Release|Any CPU.Build.0 = Release|Any CPU
		{9582D00D-7DC5-47FF-8D7C-E1CF0F80393E}.Debug|Any CPU.ActiveCfg = Debug|Any CPU
		{9582D00D-7DC5-47FF-8D7C-E1CF0F80393E}.Debug|Any CPU.Build.0 = Debug|Any CPU
		{9582D00D-7DC5-47FF-8D7C-E1CF0F80393E}.Release|Any CPU.ActiveCfg = Release|Any CPU
		{9582D00D-7DC5-47FF-8D7C-E1CF0F80393E}.Release|Any CPU.Build.0 = Release|Any CPU
		{C85DC960-1ACB-4578-948D-76E80C0B9435}.Debug|Any CPU.ActiveCfg = Debug|Any CPU
		{C85DC960-1ACB-4578-948D-76E80C0B9435}.Debug|Any CPU.Build.0 = Debug|Any CPU
		{C85DC960-1ACB-4578-948D-76E80C0B9435}.Release|Any CPU.ActiveCfg = Release|Any CPU
		{C85DC960-1ACB-4578-948D-76E80C0B9435}.Release|Any CPU.Build.0 = Release|Any CPU
	EndGlobalSection
	GlobalSection(SolutionProperties) = preSolution
		HideSolutionNode = FALSE
	EndGlobalSection
	GlobalSection(NestedProjects) = preSolution
		{3BCB87EB-5569-44ED-A13A-7842306EE358} = {0413CAE3-1156-4AA3-9898-6495A90F03B1}
		{29755B1A-FE40-47E5-8A2B-906E8BED072B} = {0413CAE3-1156-4AA3-9898-6495A90F03B1}
		{A4516779-A2FE-4103-ABEE-1A36AE5BC84C} = {0413CAE3-1156-4AA3-9898-6495A90F03B1}
		{16FFB670-577D-4F26-9570-E495EC39B531} = {0413CAE3-1156-4AA3-9898-6495A90F03B1}
		{D763E2F3-5871-487A-926C-996783AED719} = {334983B1-3126-4391-90F0-F3C19D8AD854}
		{07413F0E-8943-4786-8513-E66C203FE954} = {334983B1-3126-4391-90F0-F3C19D8AD854}
		{99E879B6-0D95-46BB-9D5B-15D9D07ECA69} = {334983B1-3126-4391-90F0-F3C19D8AD854}
		{5EDE0ACB-8E93-40E1-BC8A-F597F91B2BAC} = {2E4C3D80-7EDF-4FF6-BB9F-F0DC80B1F11E}
		{9664BD3A-03F4-47E6-AAB7-09F7FB539A5D} = {2E4C3D80-7EDF-4FF6-BB9F-F0DC80B1F11E}
		{5A65420E-78B6-49FB-8616-DC1CD1A134CC} = {2E4C3D80-7EDF-4FF6-BB9F-F0DC80B1F11E}
		{59A420DE-1D65-4985-9D19-51633B6D0E73} = {2E4C3D80-7EDF-4FF6-BB9F-F0DC80B1F11E}
		{782C0690-E012-4D8C-BEEC-E03034B728E1} = {2E4C3D80-7EDF-4FF6-BB9F-F0DC80B1F11E}
		{FDB82280-3CC4-4279-8678-C1F3BB7AD313} = {270763CB-C971-4E4D-8BD9-DE343EE2BAB2}
		{AEC0ECC7-D78C-4E73-A1E2-3854D9C8FFB2} = {270763CB-C971-4E4D-8BD9-DE343EE2BAB2}
		{468F28CB-E327-4FC4-BB80-1115755A79D3} = {270763CB-C971-4E4D-8BD9-DE343EE2BAB2}
		{46D4F09E-6D71-46F6-9209-908BF4DECB74} = {270763CB-C971-4E4D-8BD9-DE343EE2BAB2}
		{63C4F6F6-A223-42B8-BECD-B8C435229DA6} = {8F9C6FE1-646D-456D-9768-F9144B0C49BE}
		{9582D00D-7DC5-47FF-8D7C-E1CF0F80393E} = {8F9C6FE1-646D-456D-9768-F9144B0C49BE}
		{C85DC960-1ACB-4578-948D-76E80C0B9435} = {8F9C6FE1-646D-456D-9768-F9144B0C49BE}
	EndGlobalSection
	GlobalSection(ExtensibilityGlobals) = postSolution
		SolutionGuid = {E7B6080A-5469-4A7F-A6AD-0DE0F3AF13A3}
	EndGlobalSection
EndGlobal
